
Microsoft Visual Studio Solution File, Format Version 12.00
# Visual Studio 15
VisualStudioVersion = 15.0.28307.421
MinimumVisualStudioVersion = 10.0.40219.1
Project("{FAE04EC0-301F-11D3-BF4B-00C04F79EFBC}") = "VashiteKinti.Web", "VashiteKinti\VashiteKinti.Web.csproj", "{61412772-C1C3-475B-B2E0-8CD70AD1D125}"
EndProject
Project("{FAE04EC0-301F-11D3-BF4B-00C04F79EFBC}") = "VashiteKinti.Data", "VashiteKinti.Data\VashiteKinti.Data.csproj", "{347E4011-9449-4FB3-BF14-76D7845C656F}"
EndProject
Project("{FAE04EC0-301F-11D3-BF4B-00C04F79EFBC}") = "VashiteKinti.Services", "VashiteKinti.Services\VashiteKinti.Services.csproj", "{3404B337-7D68-46F5-8D68-6436AE0A37BC}"
EndProject
Project("{FAE04EC0-301F-11D3-BF4B-00C04F79EFBC}") = "VashiteKinti.Tests", "VashiteKinti.Tests\VashiteKinti.Tests.csproj", "{2046DD90-656E-4836-9633-F4BE35C5A35D}"
EndProject
Global
	GlobalSection(SolutionConfigurationPlatforms) = preSolution
		Debug|Any CPU = Debug|Any CPU
		Release|Any CPU = Release|Any CPU
	EndGlobalSection
	GlobalSection(ProjectConfigurationPlatforms) = postSolution
		{61412772-C1C3-475B-B2E0-8CD70AD1D125}.Debug|Any CPU.ActiveCfg = Debug|Any CPU
		{61412772-C1C3-475B-B2E0-8CD70AD1D125}.Debug|Any CPU.Build.0 = Debug|Any CPU
		{61412772-C1C3-475B-B2E0-8CD70AD1D125}.Release|Any CPU.ActiveCfg = Release|Any CPU
		{61412772-C1C3-475B-B2E0-8CD70AD1D125}.Release|Any CPU.Build.0 = Release|Any CPU
		{347E4011-9449-4FB3-BF14-76D7845C656F}.Debug|Any CPU.ActiveCfg = Debug|Any CPU
		{347E4011-9449-4FB3-BF14-76D7845C656F}.Debug|Any CPU.Build.0 = Debug|Any CPU
		{347E4011-9449-4FB3-BF14-76D7845C656F}.Release|Any CPU.ActiveCfg = Release|Any CPU
		{347E4011-9449-4FB3-BF14-76D7845C656F}.Release|Any CPU.Build.0 = Release|Any CPU
		{3404B337-7D68-46F5-8D68-6436AE0A37BC}.Debug|Any CPU.ActiveCfg = Debug|Any CPU
		{3404B337-7D68-46F5-8D68-6436AE0A37BC}.Debug|Any CPU.Build.0 = Debug|Any CPU
		{3404B337-7D68-46F5-8D68-6436AE0A37BC}.Release|Any CPU.ActiveCfg = Release|Any CPU
		{3404B337-7D68-46F5-8D68-6436AE0A37BC}.Release|Any CPU.Build.0 = Release|Any CPU
		{2046DD90-656E-4836-9633-F4BE35C5A35D}.Debug|Any CPU.ActiveCfg = Debug|Any CPU
		{2046DD90-656E-4836-9633-F4BE35C5A35D}.Debug|Any CPU.Build.0 = Debug|Any CPU
		{2046DD90-656E-4836-9633-F4BE35C5A35D}.Release|Any CPU.ActiveCfg = Release|Any CPU
		{2046DD90-656E-4836-9633-F4BE35C5A35D}.Release|Any CPU.Build.0 = Release|Any CPU
	EndGlobalSection
	GlobalSection(SolutionProperties) = preSolution
		HideSolutionNode = FALSE
	EndGlobalSection
	GlobalSection(ExtensibilityGlobals) = postSolution
		SolutionGuid = {46A8456D-DA94-4030-89FA-F420FC299D43}
	EndGlobalSection
EndGlobal
